// !$*UTF8*$!
{
	archiveVersion = 1;
	classes = {
	};
	objectVersion = 56;
	objects = {

/* Begin PBXBuildFile section */
		F8C86DDA2BAB121E00E6AD91 /* my_trafficApp.swift in Sources */ = {isa = PBXBuildFile; fileRef = F8C86DD92BAB121E00E6AD91 /* my_trafficApp.swift */; };
		F8C86DDC2BAB121E00E6AD91 /* ContentView2.swift in Sources */ = {isa = PBXBuildFile; fileRef = F8C86DDB2BAB121E00E6AD91 /* ContentView2.swift */; };
		F8C86DDE2BAB121E00E6AD91 /* Assets.xcassets in Resources */ = {isa = PBXBuildFile; fileRef = F8C86DDD2BAB121E00E6AD91 /* Assets.xcassets */; };
		F8C86DE12BAB121E00E6AD91 /* Preview Assets.xcassets in Resources */ = {isa = PBXBuildFile; fileRef = F8C86DE02BAB121E00E6AD91 /* Preview Assets.xcassets */; };
		F8C86DE32BAB121E00E6AD91 /* Persistence.swift in Sources */ = {isa = PBXBuildFile; fileRef = F8C86DE22BAB121E00E6AD91 /* Persistence.swift */; };
		F8C86DE62BAB121E00E6AD91 /* my_traffic.xcdatamodeld in Sources */ = {isa = PBXBuildFile; fileRef = F8C86DE42BAB121E00E6AD91 /* my_traffic.xcdatamodeld */; };
		F8C86DF02BAB121F00E6AD91 /* my_trafficTests.swift in Sources */ = {isa = PBXBuildFile; fileRef = F8C86DEF2BAB121F00E6AD91 /* my_trafficTests.swift */; };
		F8C86DFA2BAB121F00E6AD91 /* my_trafficUITests.swift in Sources */ = {isa = PBXBuildFile; fileRef = F8C86DF92BAB121F00E6AD91 /* my_trafficUITests.swift */; };
		F8C86DFC2BAB121F00E6AD91 /* my_trafficUITestsLaunchTests.swift in Sources */ = {isa = PBXBuildFile; fileRef = F8C86DFB2BAB121F00E6AD91 /* my_trafficUITestsLaunchTests.swift */; };
		F8C86E202BAB145B00E6AD91 /* MainView.swift in Sources */ = {isa = PBXBuildFile; fileRef = F8C86E1F2BAB145B00E6AD91 /* MainView.swift */; };
		F8C86E222BAB14A000E6AD91 /* SettingView.swift in Sources */ = {isa = PBXBuildFile; fileRef = F8C86E212BAB14A000E6AD91 /* SettingView.swift */; };
		F8C86E242BAB14B200E6AD91 /* SubwayView.swift in Sources */ = {isa = PBXBuildFile; fileRef = F8C86E232BAB14B200E6AD91 /* SubwayView.swift */; };
		F8C86E262BAB14BF00E6AD91 /* BusView.swift in Sources */ = {isa = PBXBuildFile; fileRef = F8C86E252BAB14BF00E6AD91 /* BusView.swift */; };
		F8C86E2B2BAB310000E6AD91 /* SubwaySearch.swift in Sources */ = {isa = PBXBuildFile; fileRef = F8C86E2A2BAB310000E6AD91 /* SubwaySearch.swift */; };
/* End PBXBuildFile section */

/* Begin PBXContainerItemProxy section */
		F8C86DEC2BAB121F00E6AD91 /* PBXContainerItemProxy */ = {
			isa = PBXContainerItemProxy;
			containerPortal = F8C86DCE2BAB121E00E6AD91 /* Project object */;
			proxyType = 1;
			remoteGlobalIDString = F8C86DD52BAB121E00E6AD91;
			remoteInfo = my_traffic;
		};
		F8C86DF62BAB121F00E6AD91 /* PBXContainerItemProxy */ = {
			isa = PBXContainerItemProxy;
			containerPortal = F8C86DCE2BAB121E00E6AD91 /* Project object */;
			proxyType = 1;
			remoteGlobalIDString = F8C86DD52BAB121E00E6AD91;
			remoteInfo = my_traffic;
		};
/* End PBXContainerItemProxy section */

/* Begin PBXFileReference section */
		F8C86DD62BAB121E00E6AD91 /* my_traffic.app */ = {isa = PBXFileReference; explicitFileType = wrapper.application; includeInIndex = 0; path = my_traffic.app; sourceTree = BUILT_PRODUCTS_DIR; };
		F8C86DD92BAB121E00E6AD91 /* my_trafficApp.swift */ = {isa = PBXFileReference; lastKnownFileType = sourcecode.swift; path = my_trafficApp.swift; sourceTree = "<group>"; };
		F8C86DDB2BAB121E00E6AD91 /* ContentView2.swift */ = {isa = PBXFileReference; lastKnownFileType = sourcecode.swift; path = ContentView2.swift; sourceTree = "<group>"; };
		F8C86DDD2BAB121E00E6AD91 /* Assets.xcassets */ = {isa = PBXFileReference; lastKnownFileType = folder.assetcatalog; path = Assets.xcassets; sourceTree = "<group>"; };
		F8C86DE02BAB121E00E6AD91 /* Preview Assets.xcassets */ = {isa = PBXFileReference; lastKnownFileType = folder.assetcatalog; path = "Preview Assets.xcassets"; sourceTree = "<group>"; };
		F8C86DE22BAB121E00E6AD91 /* Persistence.swift */ = {isa = PBXFileReference; lastKnownFileType = sourcecode.swift; path = Persistence.swift; sourceTree = "<group>"; };
		F8C86DE52BAB121E00E6AD91 /* my_traffic.xcdatamodel */ = {isa = PBXFileReference; lastKnownFileType = wrapper.xcdatamodel; path = my_traffic.xcdatamodel; sourceTree = "<group>"; };
		F8C86DEB2BAB121F00E6AD91 /* my_trafficTests.xctest */ = {isa = PBXFileReference; explicitFileType = wrapper.cfbundle; includeInIndex = 0; path = my_trafficTests.xctest; sourceTree = BUILT_PRODUCTS_DIR; };
		F8C86DEF2BAB121F00E6AD91 /* my_trafficTests.swift */ = {isa = PBXFileReference; lastKnownFileType = sourcecode.swift; path = my_trafficTests.swift; sourceTree = "<group>"; };
		F8C86DF52BAB121F00E6AD91 /* my_trafficUITests.xctest */ = {isa = PBXFileReference; explicitFileType = wrapper.cfbundle; includeInIndex = 0; path = my_trafficUITests.xctest; sourceTree = BUILT_PRODUCTS_DIR; };
		F8C86DF92BAB121F00E6AD91 /* my_trafficUITests.swift */ = {isa = PBXFileReference; lastKnownFileType = sourcecode.swift; path = my_trafficUITests.swift; sourceTree = "<group>"; };
		F8C86DFB2BAB121F00E6AD91 /* my_trafficUITestsLaunchTests.swift */ = {isa = PBXFileReference; lastKnownFileType = sourcecode.swift; path = my_trafficUITestsLaunchTests.swift; sourceTree = "<group>"; };
		F8C86E1F2BAB145B00E6AD91 /* MainView.swift */ = {isa = PBXFileReference; lastKnownFileType = sourcecode.swift; path = MainView.swift; sourceTree = "<group>"; };
		F8C86E212BAB14A000E6AD91 /* SettingView.swift */ = {isa = PBXFileReference; lastKnownFileType = sourcecode.swift; path = SettingView.swift; sourceTree = "<group>"; };
		F8C86E232BAB14B200E6AD91 /* SubwayView.swift */ = {isa = PBXFileReference; lastKnownFileType = sourcecode.swift; path = SubwayView.swift; sourceTree = "<group>"; };
		F8C86E252BAB14BF00E6AD91 /* BusView.swift */ = {isa = PBXFileReference; lastKnownFileType = sourcecode.swift; path = BusView.swift; sourceTree = "<group>"; };
		F8C86E2A2BAB310000E6AD91 /* SubwaySearch.swift */ = {isa = PBXFileReference; lastKnownFileType = sourcecode.swift; path = SubwaySearch.swift; sourceTree = "<group>"; };
		F8F49AE42BADBAE5007A17A4 /* .gitignore */ = {isa = PBXFileReference; lastKnownFileType = text; path = .gitignore; sourceTree = "<group>"; };
/* End PBXFileReference section */

/* Begin PBXFrameworksBuildPhase section */
		F8C86DD32BAB121E00E6AD91 /* Frameworks */ = {
			isa = PBXFrameworksBuildPhase;
			buildActionMask = 2147483647;
			files = (
			);
			runOnlyForDeploymentPostprocessing = 0;
		};
		F8C86DE82BAB121F00E6AD91 /* Frameworks */ = {
			isa = PBXFrameworksBuildPhase;
			buildActionMask = 2147483647;
			files = (
			);
			runOnlyForDeploymentPostprocessing = 0;
		};
		F8C86DF22BAB121F00E6AD91 /* Frameworks */ = {
			isa = PBXFrameworksBuildPhase;
			buildActionMask = 2147483647;
			files = (
			);
			runOnlyForDeploymentPostprocessing = 0;
		};
/* End PBXFrameworksBuildPhase section */

/* Begin PBXGroup section */
		F8C86DCD2BAB121E00E6AD91 = {
			isa = PBXGroup;
			children = (
				F8F49AE42BADBAE5007A17A4 /* .gitignore */,
				F8C86DD82BAB121E00E6AD91 /* my_traffic */,
				F8C86DEE2BAB121F00E6AD91 /* my_trafficTests */,
				F8C86DF82BAB121F00E6AD91 /* my_trafficUITests */,
				F8C86DD72BAB121E00E6AD91 /* Products */,
			);
			sourceTree = "<group>";
		};
		F8C86DD72BAB121E00E6AD91 /* Products */ = {
			isa = PBXGroup;
			children = (
				F8C86DD62BAB121E00E6AD91 /* my_traffic.app */,
				F8C86DEB2BAB121F00E6AD91 /* my_trafficTests.xctest */,
				F8C86DF52BAB121F00E6AD91 /* my_trafficUITests.xctest */,
			);
			name = Products;
			sourceTree = "<group>";
		};
		F8C86DD82BAB121E00E6AD91 /* my_traffic */ = {
			isa = PBXGroup;
			children = (
				F8C86E092BAB12EC00E6AD91 /* views */,
				F8C86E082BAB12E200E6AD91 /* widgtes */,
				F8C86E0A2BAB12FC00E6AD91 /* datas */,
				F8C86DDD2BAB121E00E6AD91 /* Assets.xcassets */,
				F8C86DE22BAB121E00E6AD91 /* Persistence.swift */,
				F8C86DDF2BAB121E00E6AD91 /* Preview Content */,
			);
			path = my_traffic;
			sourceTree = "<group>";
		};
		F8C86DDF2BAB121E00E6AD91 /* Preview Content */ = {
			isa = PBXGroup;
			children = (
				F8C86DE02BAB121E00E6AD91 /* Preview Assets.xcassets */,
			);
			path = "Preview Content";
			sourceTree = "<group>";
		};
		F8C86DEE2BAB121F00E6AD91 /* my_trafficTests */ = {
			isa = PBXGroup;
			children = (
				F8C86DEF2BAB121F00E6AD91 /* my_trafficTests.swift */,
			);
			path = my_trafficTests;
			sourceTree = "<group>";
		};
		F8C86DF82BAB121F00E6AD91 /* my_trafficUITests */ = {
			isa = PBXGroup;
			children = (
				F8C86DF92BAB121F00E6AD91 /* my_trafficUITests.swift */,
				F8C86DFB2BAB121F00E6AD91 /* my_trafficUITestsLaunchTests.swift */,
			);
			path = my_trafficUITests;
			sourceTree = "<group>";
		};
		F8C86E082BAB12E200E6AD91 /* widgtes */ = {
			isa = PBXGroup;
			children = (
				F8C86E2A2BAB310000E6AD91 /* SubwaySearch.swift */,
			);
			path = widgtes;
			sourceTree = "<group>";
		};
		F8C86E092BAB12EC00E6AD91 /* views */ = {
			isa = PBXGroup;
			children = (
				F8C86DD92BAB121E00E6AD91 /* my_trafficApp.swift */,
				F8C86DDB2BAB121E00E6AD91 /* ContentView2.swift */,
				F8C86E1F2BAB145B00E6AD91 /* MainView.swift */,
				F8C86E212BAB14A000E6AD91 /* SettingView.swift */,
				F8C86E232BAB14B200E6AD91 /* SubwayView.swift */,
				F8C86E252BAB14BF00E6AD91 /* BusView.swift */,
			);
			path = views;
			sourceTree = "<group>";
		};
		F8C86E0A2BAB12FC00E6AD91 /* datas */ = {
			isa = PBXGroup;
			children = (
				F8C86DE42BAB121E00E6AD91 /* my_traffic.xcdatamodeld */,
			);
			path = datas;
			sourceTree = "<group>";
		};
/* End PBXGroup section */

/* Begin PBXNativeTarget section */
		F8C86DD52BAB121E00E6AD91 /* my_traffic */ = {
			isa = PBXNativeTarget;
			buildConfigurationList = F8C86DFF2BAB121F00E6AD91 /* Build configuration list for PBXNativeTarget "my_traffic" */;
			buildPhases = (
				F8C86DD22BAB121E00E6AD91 /* Sources */,
				F8C86DD32BAB121E00E6AD91 /* Frameworks */,
				F8C86DD42BAB121E00E6AD91 /* Resources */,
			);
			buildRules = (
			);
			dependencies = (
			);
			name = my_traffic;
			productName = my_traffic;
			productReference = F8C86DD62BAB121E00E6AD91 /* my_traffic.app */;
			productType = "com.apple.product-type.application";
		};
		F8C86DEA2BAB121F00E6AD91 /* my_trafficTests */ = {
			isa = PBXNativeTarget;
			buildConfigurationList = F8C86E022BAB121F00E6AD91 /* Build configuration list for PBXNativeTarget "my_trafficTests" */;
			buildPhases = (
				F8C86DE72BAB121F00E6AD91 /* Sources */,
				F8C86DE82BAB121F00E6AD91 /* Frameworks */,
				F8C86DE92BAB121F00E6AD91 /* Resources */,
			);
			buildRules = (
			);
			dependencies = (
				F8C86DED2BAB121F00E6AD91 /* PBXTargetDependency */,
			);
			name = my_trafficTests;
			productName = my_trafficTests;
			productReference = F8C86DEB2BAB121F00E6AD91 /* my_trafficTests.xctest */;
			productType = "com.apple.product-type.bundle.unit-test";
		};
		F8C86DF42BAB121F00E6AD91 /* my_trafficUITests */ = {
			isa = PBXNativeTarget;
			buildConfigurationList = F8C86E052BAB121F00E6AD91 /* Build configuration list for PBXNativeTarget "my_trafficUITests" */;
			buildPhases = (
				F8C86DF12BAB121F00E6AD91 /* Sources */,
				F8C86DF22BAB121F00E6AD91 /* Frameworks */,
				F8C86DF32BAB121F00E6AD91 /* Resources */,
			);
			buildRules = (
			);
			dependencies = (
				F8C86DF72BAB121F00E6AD91 /* PBXTargetDependency */,
			);
			name = my_trafficUITests;
			productName = my_trafficUITests;
			productReference = F8C86DF52BAB121F00E6AD91 /* my_trafficUITests.xctest */;
			productType = "com.apple.product-type.bundle.ui-testing";
		};
/* End PBXNativeTarget section */

/* Begin PBXProject section */
		F8C86DCE2BAB121E00E6AD91 /* Project object */ = {
			isa = PBXProject;
			attributes = {
				BuildIndependentTargetsInParallel = 1;
				LastSwiftUpdateCheck = 1520;
				LastUpgradeCheck = 1520;
				TargetAttributes = {
					F8C86DD52BAB121E00E6AD91 = {
						CreatedOnToolsVersion = 15.2;
					};
					F8C86DEA2BAB121F00E6AD91 = {
						CreatedOnToolsVersion = 15.2;
						TestTargetID = F8C86DD52BAB121E00E6AD91;
					};
					F8C86DF42BAB121F00E6AD91 = {
						CreatedOnToolsVersion = 15.2;
						TestTargetID = F8C86DD52BAB121E00E6AD91;
					};
				};
			};
			buildConfigurationList = F8C86DD12BAB121E00E6AD91 /* Build configuration list for PBXProject "my_traffic" */;
			compatibilityVersion = "Xcode 14.0";
			developmentRegion = en;
			hasScannedForEncodings = 0;
			knownRegions = (
				en,
				Base,
			);
			mainGroup = F8C86DCD2BAB121E00E6AD91;
			productRefGroup = F8C86DD72BAB121E00E6AD91 /* Products */;
			projectDirPath = "";
			projectRoot = "";
			targets = (
				F8C86DD52BAB121E00E6AD91 /* my_traffic */,
				F8C86DEA2BAB121F00E6AD91 /* my_trafficTests */,
				F8C86DF42BAB121F00E6AD91 /* my_trafficUITests */,
			);
		};
/* End PBXProject section */

/* Begin PBXResourcesBuildPhase section */
		F8C86DD42BAB121E00E6AD91 /* Resources */ = {
			isa = PBXResourcesBuildPhase;
			buildActionMask = 2147483647;
			files = (
				F8C86DE12BAB121E00E6AD91 /* Preview Assets.xcassets in Resources */,
				F8C86DDE2BAB121E00E6AD91 /* Assets.xcassets in Resources */,
			);
			runOnlyForDeploymentPostprocessing = 0;
		};
		F8C86DE92BAB121F00E6AD91 /* Resources */ = {
			isa = PBXResourcesBuildPhase;
			buildActionMask = 2147483647;
			files = (
			);
			runOnlyForDeploymentPostprocessing = 0;
		};
		F8C86DF32BAB121F00E6AD91 /* Resources */ = {
			isa = PBXResourcesBuildPhase;
			buildActionMask = 2147483647;
			files = (
			);
			runOnlyForDeploymentPostprocessing = 0;
		};
/* End PBXResourcesBuildPhase section */

/* Begin PBXSourcesBuildPhase section */
		F8C86DD22BAB121E00E6AD91 /* Sources */ = {
			isa = PBXSourcesBuildPhase;
			buildActionMask = 2147483647;
			files = (
				F8C86DE32BAB121E00E6AD91 /* Persistence.swift in Sources */,
				F8C86DDC2BAB121E00E6AD91 /* ContentView2.swift in Sources */,
				F8C86E2B2BAB310000E6AD91 /* SubwaySearch.swift in Sources */,
				F8C86DDA2BAB121E00E6AD91 /* my_trafficApp.swift in Sources */,
				F8C86E222BAB14A000E6AD91 /* SettingView.swift in Sources */,
				F8C86E202BAB145B00E6AD91 /* MainView.swift in Sources */,
				F8C86E262BAB14BF00E6AD91 /* BusView.swift in Sources */,
				F8C86E242BAB14B200E6AD91 /* SubwayView.swift in Sources */,
				F8C86DE62BAB121E00E6AD91 /* my_traffic.xcdatamodeld in Sources */,
			);
			runOnlyForDeploymentPostprocessing = 0;
		};
		F8C86DE72BAB121F00E6AD91 /* Sources */ = {
			isa = PBXSourcesBuildPhase;
			buildActionMask = 2147483647;
			files = (
				F8C86DF02BAB121F00E6AD91 /* my_trafficTests.swift in Sources */,
			);
			runOnlyForDeploymentPostprocessing = 0;
		};
		F8C86DF12BAB121F00E6AD91 /* Sources */ = {
			isa = PBXSourcesBuildPhase;
			buildActionMask = 2147483647;
			files = (
				F8C86DFC2BAB121F00E6AD91 /* my_trafficUITestsLaunchTests.swift in Sources */,
				F8C86DFA2BAB121F00E6AD91 /* my_trafficUITests.swift in Sources */,
			);
			runOnlyForDeploymentPostprocessing = 0;
		};
/* End PBXSourcesBuildPhase section */

/* Begin PBXTargetDependency section */
		F8C86DED2BAB121F00E6AD91 /* PBXTargetDependency */ = {
			isa = PBXTargetDependency;
			target = F8C86DD52BAB121E00E6AD91 /* my_traffic */;
			targetProxy = F8C86DEC2BAB121F00E6AD91 /* PBXContainerItemProxy */;
		};
		F8C86DF72BAB121F00E6AD91 /* PBXTargetDependency */ = {
			isa = PBXTargetDependency;
			target = F8C86DD52BAB121E00E6AD91 /* my_traffic */;
			targetProxy = F8C86DF62BAB121F00E6AD91 /* PBXContainerItemProxy */;
		};
/* End PBXTargetDependency section */

/* Begin XCBuildConfiguration section */
		F8C86DFD2BAB121F00E6AD91 /* Debug */ = {
			isa = XCBuildConfiguration;
			buildSettings = {
				ALWAYS_SEARCH_USER_PATHS = NO;
				ASSETCATALOG_COMPILER_GENERATE_SWIFT_ASSET_SYMBOL_EXTENSIONS = YES;
				CLANG_ANALYZER_NONNULL = YES;
				CLANG_ANALYZER_NUMBER_OBJECT_CONVERSION = YES_AGGRESSIVE;
				CLANG_CXX_LANGUAGE_STANDARD = "gnu++20";
				CLANG_ENABLE_MODULES = YES;
				CLANG_ENABLE_OBJC_ARC = YES;
				CLANG_ENABLE_OBJC_WEAK = YES;
				CLANG_WARN_BLOCK_CAPTURE_AUTORELEASING = YES;
				CLANG_WARN_BOOL_CONVERSION = YES;
				CLANG_WARN_COMMA = YES;
				CLANG_WARN_CONSTANT_CONVERSION = YES;
				CLANG_WARN_DEPRECATED_OBJC_IMPLEMENTATIONS = YES;
				CLANG_WARN_DIRECT_OBJC_ISA_USAGE = YES_ERROR;
				CLANG_WARN_DOCUMENTATION_COMMENTS = YES;
				CLANG_WARN_EMPTY_BODY = YES;
				CLANG_WARN_ENUM_CONVERSION = YES;
				CLANG_WARN_INFINITE_RECURSION = YES;
				CLANG_WARN_INT_CONVERSION = YES;
				CLANG_WARN_NON_LITERAL_NULL_CONVERSION = YES;
				CLANG_WARN_OBJC_IMPLICIT_RETAIN_SELF = YES;
				CLANG_WARN_OBJC_LITERAL_CONVERSION = YES;
				CLANG_WARN_OBJC_ROOT_CLASS = YES_ERROR;
				CLANG_WARN_QUOTED_INCLUDE_IN_FRAMEWORK_HEADER = YES;
				CLANG_WARN_RANGE_LOOP_ANALYSIS = YES;
				CLANG_WARN_STRICT_PROTOTYPES = YES;
				CLANG_WARN_SUSPICIOUS_MOVE = YES;
				CLANG_WARN_UNGUARDED_AVAILABILITY = YES_AGGRESSIVE;
				CLANG_WARN_UNREACHABLE_CODE = YES;
				CLANG_WARN__DUPLICATE_METHOD_MATCH = YES;
				COPY_PHASE_STRIP = NO;
				DEBUG_INFORMATION_FORMAT = dwarf;
				ENABLE_STRICT_OBJC_MSGSEND = YES;
				ENABLE_TESTABILITY = YES;
				ENABLE_USER_SCRIPT_SANDBOXING = YES;
				GCC_C_LANGUAGE_STANDARD = gnu17;
				GCC_DYNAMIC_NO_PIC = NO;
				GCC_NO_COMMON_BLOCKS = YES;
				GCC_OPTIMIZATION_LEVEL = 0;
				GCC_PREPROCESSOR_DEFINITIONS = (
					"DEBUG=1",
					"$(inherited)",
				);
				GCC_WARN_64_TO_32_BIT_CONVERSION = YES;
				GCC_WARN_ABOUT_RETURN_TYPE = YES_ERROR;
				GCC_WARN_UNDECLARED_SELECTOR = YES;
				GCC_WARN_UNINITIALIZED_AUTOS = YES_AGGRESSIVE;
				GCC_WARN_UNUSED_FUNCTION = YES;
				GCC_WARN_UNUSED_VARIABLE = YES;
				IPHONEOS_DEPLOYMENT_TARGET = 17.2;
				LOCALIZATION_PREFERS_STRING_CATALOGS = YES;
				MTL_ENABLE_DEBUG_INFO = INCLUDE_SOURCE;
				MTL_FAST_MATH = YES;
				ONLY_ACTIVE_ARCH = YES;
				SDKROOT = iphoneos;
				SWIFT_ACTIVE_COMPILATION_CONDITIONS = "DEBUG $(inherited)";
				SWIFT_OPTIMIZATION_LEVEL = "-Onone";
			};
			name = Debug;
		};
		F8C86DFE2BAB121F00E6AD91 /* Release */ = {
			isa = XCBuildConfiguration;
			buildSettings = {
				ALWAYS_SEARCH_USER_PATHS = NO;
				ASSETCATALOG_COMPILER_GENERATE_SWIFT_ASSET_SYMBOL_EXTENSIONS = YES;
				CLANG_ANALYZER_NONNULL = YES;
				CLANG_ANALYZER_NUMBER_OBJECT_CONVERSION = YES_AGGRESSIVE;
				CLANG_CXX_LANGUAGE_STANDARD = "gnu++20";
				CLANG_ENABLE_MODULES = YES;
				CLANG_ENABLE_OBJC_ARC = YES;
				CLANG_ENABLE_OBJC_WEAK = YES;
				CLANG_WARN_BLOCK_CAPTURE_AUTORELEASING = YES;
				CLANG_WARN_BOOL_CONVERSION = YES;
				CLANG_WARN_COMMA = YES;
				CLANG_WARN_CONSTANT_CONVERSION = YES;
				CLANG_WARN_DEPRECATED_OBJC_IMPLEMENTATIONS = YES;
				CLANG_WARN_DIRECT_OBJC_ISA_USAGE = YES_ERROR;
				CLANG_WARN_DOCUMENTATION_COMMENTS = YES;
				CLANG_WARN_EMPTY_BODY = YES;
				CLANG_WARN_ENUM_CONVERSION = YES;
				CLANG_WARN_INFINITE_RECURSION = YES;
				CLANG_WARN_INT_CONVERSION = YES;
				CLANG_WARN_NON_LITERAL_NULL_CONVERSION = YES;
				CLANG_WARN_OBJC_IMPLICIT_RETAIN_SELF = YES;
				CLANG_WARN_OBJC_LITERAL_CONVERSION = YES;
				CLANG_WARN_OBJC_ROOT_CLASS = YES_ERROR;
				CLANG_WARN_QUOTED_INCLUDE_IN_FRAMEWORK_HEADER = YES;
				CLANG_WARN_RANGE_LOOP_ANALYSIS = YES;
				CLANG_WARN_STRICT_PROTOTYPES = YES;
				CLANG_WARN_SUSPICIOUS_MOVE = YES;
				CLANG_WARN_UNGUARDED_AVAILABILITY = YES_AGGRESSIVE;
				CLANG_WARN_UNREACHABLE_CODE = YES;
				CLANG_WARN__DUPLICATE_METHOD_MATCH = YES;
				COPY_PHASE_STRIP = NO;
				DEBUG_INFORMATION_FORMAT = "dwarf-with-dsym";
				ENABLE_NS_ASSERTIONS = NO;
				ENABLE_STRICT_OBJC_MSGSEND = YES;
				ENABLE_USER_SCRIPT_SANDBOXING = YES;
				GCC_C_LANGUAGE_STANDARD = gnu17;
				GCC_NO_COMMON_BLOCKS = YES;
				GCC_WARN_64_TO_32_BIT_CONVERSION = YES;
				GCC_WARN_ABOUT_RETURN_TYPE = YES_ERROR;
				GCC_WARN_UNDECLARED_SELECTOR = YES;
				GCC_WARN_UNINITIALIZED_AUTOS = YES_AGGRESSIVE;
				GCC_WARN_UNUSED_FUNCTION = YES;
				GCC_WARN_UNUSED_VARIABLE = YES;
				IPHONEOS_DEPLOYMENT_TARGET = 17.2;
				LOCALIZATION_PREFERS_STRING_CATALOGS = YES;
				MTL_ENABLE_DEBUG_INFO = NO;
				MTL_FAST_MATH = YES;
				SDKROOT = iphoneos;
				SWIFT_COMPILATION_MODE = wholemodule;
				VALIDATE_PRODUCT = YES;
			};
			name = Release;
		};
		F8C86E002BAB121F00E6AD91 /* Debug */ = {
			isa = XCBuildConfiguration;
			buildSettings = {
				ASSETCATALOG_COMPILER_APPICON_NAME = AppIcon;
				ASSETCATALOG_COMPILER_GLOBAL_ACCENT_COLOR_NAME = AccentColor;
				CODE_SIGN_STYLE = Automatic;
				CURRENT_PROJECT_VERSION = 1;
				DEVELOPMENT_ASSET_PATHS = "\"my_traffic/Preview Content\"";
				ENABLE_PREVIEWS = YES;
				GENERATE_INFOPLIST_FILE = YES;
				INFOPLIST_KEY_UIApplicationSceneManifest_Generation = YES;
				INFOPLIST_KEY_UIApplicationSupportsIndirectInputEvents = YES;
				INFOPLIST_KEY_UILaunchScreen_Generation = YES;
				INFOPLIST_KEY_UISupportedInterfaceOrientations_iPad = "UIInterfaceOrientationPortrait UIInterfaceOrientationPortraitUpsideDown UIInterfaceOrientationLandscapeLeft UIInterfaceOrientationLandscapeRight";
				INFOPLIST_KEY_UISupportedInterfaceOrientations_iPhone = "UIInterfaceOrientationPortrait UIInterfaceOrientationLandscapeLeft UIInterfaceOrientationLandscapeRight";
				LD_RUNPATH_SEARCH_PATHS = (
					"$(inherited)",
					"@executable_path/Frameworks",
				);
				MARKETING_VERSION = 1.0;
				PRODUCT_BUNDLE_IDENTIFIER = "yh.my-traffic";
				PRODUCT_NAME = "$(TARGET_NAME)";
				SWIFT_EMIT_LOC_STRINGS = YES;
				SWIFT_VERSION = 5.0;
				TARGETED_DEVICE_FAMILY = "1,2";
			};
			name = Debug;
		};
		F8C86E012BAB121F00E6AD91 /* Release */ = {
			isa = XCBuildConfiguration;
			buildSettings = {
				ASSETCATALOG_COMPILER_APPICON_NAME = AppIcon;
				ASSETCATALOG_COMPILER_GLOBAL_ACCENT_COLOR_NAME = AccentColor;
				CODE_SIGN_STYLE = Automatic;
				CURRENT_PROJECT_VERSION = 1;
				DEVELOPMENT_ASSET_PATHS = "\"my_traffic/Preview Content\"";
				ENABLE_PREVIEWS = YES;
				GENERATE_INFOPLIST_FILE = YES;
				INFOPLIST_KEY_UIApplicationSceneManifest_Generation = YES;
				INFOPLIST_KEY_UIApplicationSupportsIndirectInputEvents = YES;
				INFOPLIST_KEY_UILaunchScreen_Generation = YES;
				INFOPLIST_KEY_UISupportedInterfaceOrientations_iPad = "UIInterfaceOrientationPortrait UIInterfaceOrientationPortraitUpsideDown UIInterfaceOrientationLandscapeLeft UIInterfaceOrientationLandscapeRight";
				INFOPLIST_KEY_UISupportedInterfaceOrientations_iPhone = "UIInterfaceOrientationPortrait UIInterfaceOrientationLandscapeLeft UIInterfaceOrientationLandscapeRight";
				LD_RUNPATH_SEARCH_PATHS = (
					"$(inherited)",
					"@executable_path/Frameworks",
				);
				MARKETING_VERSION = 1.0;
				PRODUCT_BUNDLE_IDENTIFIER = "yh.my-traffic";
				PRODUCT_NAME = "$(TARGET_NAME)";
				SWIFT_EMIT_LOC_STRINGS = YES;
				SWIFT_VERSION = 5.0;
				TARGETED_DEVICE_FAMILY = "1,2";
			};
			name = Release;
		};
		F8C86E032BAB121F00E6AD91 /* Debug */ = {
			isa = XCBuildConfiguration;
			buildSettings = {
				ALWAYS_EMBED_SWIFT_STANDARD_LIBRARIES = YES;
				BUNDLE_LOADER = "$(TEST_HOST)";
				CODE_SIGN_STYLE = Automatic;
				CURRENT_PROJECT_VERSION = 1;
				GENERATE_INFOPLIST_FILE = YES;
				IPHONEOS_DEPLOYMENT_TARGET = 17.2;
				MARKETING_VERSION = 1.0;
				PRODUCT_BUNDLE_IDENTIFIER = "yh.my-trafficTests";
				PRODUCT_NAME = "$(TARGET_NAME)";
				SWIFT_EMIT_LOC_STRINGS = NO;
				SWIFT_VERSION = 5.0;
				TARGETED_DEVICE_FAMILY = "1,2";
				TEST_HOST = "$(BUILT_PRODUCTS_DIR)/my_traffic.app/$(BUNDLE_EXECUTABLE_FOLDER_PATH)/my_traffic";
			};
			name = Debug;
		};
		F8C86E042BAB121F00E6AD91 /* Release */ = {
			isa = XCBuildConfiguration;
			buildSettings = {
				ALWAYS_EMBED_SWIFT_STANDARD_LIBRARIES = YES;
				BUNDLE_LOADER = "$(TEST_HOST)";
				CODE_SIGN_STYLE = Automatic;
				CURRENT_PROJECT_VERSION = 1;
				GENERATE_INFOPLIST_FILE = YES;
				IPHONEOS_DEPLOYMENT_TARGET = 17.2;
				MARKETING_VERSION = 1.0;
				PRODUCT_BUNDLE_IDENTIFIER = "yh.my-trafficTests";
				PRODUCT_NAME = "$(TARGET_NAME)";
				SWIFT_EMIT_LOC_STRINGS = NO;
				SWIFT_VERSION = 5.0;
				TARGETED_DEVICE_FAMILY = "1,2";
				TEST_HOST = "$(BUILT_PRODUCTS_DIR)/my_traffic.app/$(BUNDLE_EXECUTABLE_FOLDER_PATH)/my_traffic";
			};
			name = Release;
		};
		F8C86E062BAB121F00E6AD91 /* Debug */ = {
			isa = XCBuildConfiguration;
			buildSettings = {
				ALWAYS_EMBED_SWIFT_STANDARD_LIBRARIES = YES;
				CODE_SIGN_STYLE = Automatic;
				CURRENT_PROJECT_VERSION = 1;
				GENERATE_INFOPLIST_FILE = YES;
				MARKETING_VERSION = 1.0;
				PRODUCT_BUNDLE_IDENTIFIER = "yh.my-trafficUITests";
				PRODUCT_NAME = "$(TARGET_NAME)";
				SWIFT_EMIT_LOC_STRINGS = NO;
				SWIFT_VERSION = 5.0;
				TARGETED_DEVICE_FAMILY = "1,2";
				TEST_TARGET_NAME = my_traffic;
			};
			name = Debug;
		};
		F8C86E072BAB121F00E6AD91 /* Release */ = {
			isa = XCBuildConfiguration;
			buildSettings = {
				ALWAYS_EMBED_SWIFT_STANDARD_LIBRARIES = YES;
				CODE_SIGN_STYLE = Automatic;
				CURRENT_PROJECT_VERSION = 1;
				GENERATE_INFOPLIST_FILE = YES;
				MARKETING_VERSION = 1.0;
				PRODUCT_BUNDLE_IDENTIFIER = "yh.my-trafficUITests";
				PRODUCT_NAME = "$(TARGET_NAME)";
				SWIFT_EMIT_LOC_STRINGS = NO;
				SWIFT_VERSION = 5.0;
				TARGETED_DEVICE_FAMILY = "1,2";
				TEST_TARGET_NAME = my_traffic;
			};
			name = Release;
		};
/* End XCBuildConfiguration section */

/* Begin XCConfigurationList section */
		F8C86DD12BAB121E00E6AD91 /* Build configuration list for PBXProject "my_traffic" */ = {
			isa = XCConfigurationList;
			buildConfigurations = (
				F8C86DFD2BAB121F00E6AD91 /* Debug */,
				F8C86DFE2BAB121F00E6AD91 /* Release */,
			);
			defaultConfigurationIsVisible = 0;
			defaultConfigurationName = Release;
		};
		F8C86DFF2BAB121F00E6AD91 /* Build configuration list for PBXNativeTarget "my_traffic" */ = {
			isa = XCConfigurationList;
			buildConfigurations = (
				F8C86E002BAB121F00E6AD91 /* Debug */,
				F8C86E012BAB121F00E6AD91 /* Release */,
			);
			defaultConfigurationIsVisible = 0;
			defaultConfigurationName = Release;
		};
		F8C86E022BAB121F00E6AD91 /* Build configuration list for PBXNativeTarget "my_trafficTests" */ = {
			isa = XCConfigurationList;
			buildConfigurations = (
				F8C86E032BAB121F00E6AD91 /* Debug */,
				F8C86E042BAB121F00E6AD91 /* Release */,
			);
			defaultConfigurationIsVisible = 0;
			defaultConfigurationName = Release;
		};
		F8C86E052BAB121F00E6AD91 /* Build configuration list for PBXNativeTarget "my_trafficUITests" */ = {
			isa = XCConfigurationList;
			buildConfigurations = (
				F8C86E062BAB121F00E6AD91 /* Debug */,
				F8C86E072BAB121F00E6AD91 /* Release */,
			);
			defaultConfigurationIsVisible = 0;
			defaultConfigurationName = Release;
		};
/* End XCConfigurationList section */

/* Begin XCVersionGroup section */
		F8C86DE42BAB121E00E6AD91 /* my_traffic.xcdatamodeld */ = {
			isa = XCVersionGroup;
			children = (
				F8C86DE52BAB121E00E6AD91 /* my_traffic.xcdatamodel */,
			);
			currentVersion = F8C86DE52BAB121E00E6AD91 /* my_traffic.xcdatamodel */;
			path = my_traffic.xcdatamodeld;
			sourceTree = "<group>";
			versionGroupType = wrapper.xcdatamodel;
		};
/* End XCVersionGroup section */
	};
	rootObject = F8C86DCE2BAB121E00E6AD91 /* Project object */;
}
